
Microsoft Visual Studio Solution File, Format Version 12.00
# Visual Studio 15
VisualStudioVersion = 15.0.26430.12
MinimumVisualStudioVersion = 10.0.40219.1
Project("{FAE04EC0-301F-11D3-BF4B-00C04F79EFBC}") = "BasicSerialization", "BasicSerialization\BasicSerialization.csproj", "{EA6859EC-2511-4C99-B372-0ACC1356BCE9}"
EndProject
Project("{FAE04EC0-301F-11D3-BF4B-00C04F79EFBC}") = "BasicSerializationTests", "BasicSerializationTests\BasicSerializationTests.csproj", "{57A5B194-580A-4A9D-8F39-5645A6E99328}"
EndProject
Global
	GlobalSection(SolutionConfigurationPlatforms) = preSolution
		Debug|Any CPU = Debug|Any CPU
		Release|Any CPU = Release|Any CPU
	EndGlobalSection
	GlobalSection(ProjectConfigurationPlatforms) = postSolution
		{EA6859EC-2511-4C99-B372-0ACC1356BCE9}.Debug|Any CPU.ActiveCfg = Debug|Any CPU
		{EA6859EC-2511-4C99-B372-0ACC1356BCE9}.Debug|Any CPU.Build.0 = Debug|Any CPU
		{EA6859EC-2511-4C99-B372-0ACC1356BCE9}.Release|Any CPU.ActiveCfg = Release|Any CPU
		{EA6859EC-2511-4C99-B372-0ACC1356BCE9}.Release|Any CPU.Build.0 = Release|Any CPU
		{57A5B194-580A-4A9D-8F39-5645A6E99328}.Debug|Any CPU.ActiveCfg = Debug|Any CPU
		{57A5B194-580A-4A9D-8F39-5645A6E99328}.Debug|Any CPU.Build.0 = Debug|Any CPU
		{57A5B194-580A-4A9D-8F39-5645A6E99328}.Release|Any CPU.ActiveCfg = Release|Any CPU
		{57A5B194-580A-4A9D-8F39-5645A6E99328}.Release|Any CPU.Build.0 = Release|Any CPU
	EndGlobalSection
	GlobalSection(SolutionProperties) = preSolution
		HideSolutionNode = FALSE
	EndGlobalSection
EndGlobal
